{
  "requires": true,
  "lockfileVersion": 1,
  "dependencies": {
    "@syncfusion/ej2-base": {
      "version": "17.4.41",
      "resolved": "https://registry.npmjs.org/@syncfusion/ej2-base/-/ej2-base-17.4.41.tgz",
      "integrity": "sha512-V5hsiwLpoqu35c54vhVmntpMWw+fvc++YqH12p8tXG591bYZuZP3N9gIcx7gr8dU70ndckA5Lu5fQTsKjH/aVg==",
      "requires": {
        "@syncfusion/ej2-icons": "~17.4.39"
      }
    },
    "@syncfusion/ej2-buttons": {
      "version": "17.4.41",
      "resolved": "https://registry.npmjs.org/@syncfusion/ej2-buttons/-/ej2-buttons-17.4.41.tgz",
      "integrity": "sha512-DjbuXO+l2JM/Pf9nC+jijDApsNpk7weaZ9+ZX3y79qNXfhnytRc9Fzu5xOR8mpS4GNXg8Xyn2QQgikOEO82iCw==",
      "requires": {
        "@syncfusion/ej2-base": "~17.4.41"
      }
    },
    "@syncfusion/ej2-icons": {
      "version": "17.4.39",
      "resolved": "https://registry.npmjs.org/@syncfusion/ej2-icons/-/ej2-icons-17.4.39.tgz",
      "integrity": "sha512-jas7ASjI4Kxu+RJTY4qe9iX9EsihFtzYYp9y3YwlrrwQknvgHIcHB2YKIHnoRmmQx2F48yonktXLohO+Urryrw=="
    },
    "@syncfusion/ej2-inputs": {
      "version": "17.4.41",
      "resolved": "https://registry.npmjs.org/@syncfusion/ej2-inputs/-/ej2-inputs-17.4.41.tgz",
      "integrity": "sha512-jjTN+31LNhxsZTZYVUOIgZnLIAMkJa/euXgN4tq5hipoqavpJCRZNNoHswLS09EU73CUUc6sgynpdJmBFeh/nQ==",
      "requires": {
        "@syncfusion/ej2-base": "~17.4.41",
        "@syncfusion/ej2-buttons": "~17.4.41",
        "@syncfusion/ej2-popups": "~17.4.39",
        "@syncfusion/ej2-splitbuttons": "~17.4.39"
      }
    },
    "@syncfusion/ej2-popups": {
      "version": "17.4.39",
      "resolved": "https://registry.npmjs.org/@syncfusion/ej2-popups/-/ej2-popups-17.4.39.tgz",
      "integrity": "sha512-1YnFdol8MH4OFrestMbD3ZJAIObdd2c1XpipunVO1muaIOQqa+oR6N6tWfEASVyhEgB7Pbah9CZZtTXT1MkFbA==",
      "requires": {
        "@syncfusion/ej2-base": "~17.4.39",
        "@syncfusion/ej2-buttons": "~17.4.39"
      }
    },
    "@syncfusion/ej2-splitbuttons": {
      "version": "17.4.39",
      "resolved": "https://registry.npmjs.org/@syncfusion/ej2-splitbuttons/-/ej2-splitbuttons-17.4.39.tgz",
      "integrity": "sha512-bcKxbHXRBSvR49I/jYzsim7LhvmXRJRE8yLefV2odv6CwFYyQI2WQdrdM3YYREr4RBT1fsJc9Wkj7CZ0EfQFcA==",
      "requires": {
        "@syncfusion/ej2-base": "~17.4.39",
        "@syncfusion/ej2-popups": "~17.4.39"
      }
    },
    "@syncfusion/ej2-vue-base": {
      "version": "17.4.41",
      "resolved": "https://registry.npmjs.org/@syncfusion/ej2-vue-base/-/ej2-vue-base-17.4.41.tgz",
      "integrity": "sha512-h7TBWv+lZQ/Xp0Z/tC42OA7kMp9LJ1nPYQusZEKd7ekmWFkiTVPFzyd3bsSngIkjYUkB+3cIwm1Decm6ADexAg==",
      "requires": {
        "@syncfusion/ej2-base": "~17.4.41"
      }
    },
    "@syncfusion/ej2-vue-inputs": {
      "version": "17.4.41",
      "resolved": "https://registry.npmjs.org/@syncfusion/ej2-vue-inputs/-/ej2-vue-inputs-17.4.41.tgz",
      "integrity": "sha512-EYDTUI2ODHZguq87ylCLbWHdzNyhLQAxYxf4w8UMuW6KoTCXjvYMyfeEvxkFcgBDiiWhRpO7KFtF0Yd9PLUKzw==",
      "requires": {
        "@syncfusion/ej2-base": "~17.4.41",
        "@syncfusion/ej2-inputs": "17.4.41",
        "@syncfusion/ej2-vue-base": "~17.4.41"
      }
    }
  }
}
